// !$*UTF8*$!
{
	archiveVersion = 1;
	classes = {
	};
	objectVersion = 56;
	objects = {

/* Begin PBXBuildFile section */
		3B26F0282B26231500A4B435 /* ProgressBar.swift in Sources */ = {isa = PBXBuildFile; fileRef = 3B26F0272B26231500A4B435 /* ProgressBar.swift */; };
		3BE513FF2B20E99A00FEA76D /* AssignmentsInProgress.swift in Sources */ = {isa = PBXBuildFile; fileRef = 3BE513FE2B20E99A00FEA76D /* AssignmentsInProgress.swift */; };
		72338CB52B140A540040D4D5 /* ProgressViewController.swift in Sources */ = {isa = PBXBuildFile; fileRef = 72338CB42B140A540040D4D5 /* ProgressViewController.swift */; };
		727466752B042DD300A4E64C /* AppDelegate.swift in Sources */ = {isa = PBXBuildFile; fileRef = 727466742B042DD300A4E64C /* AppDelegate.swift */; };
		727466772B042DD300A4E64C /* SceneDelegate.swift in Sources */ = {isa = PBXBuildFile; fileRef = 727466762B042DD300A4E64C /* SceneDelegate.swift */; };
		727466792B042DD300A4E64C /* AgendaViewController.swift in Sources */ = {isa = PBXBuildFile; fileRef = 727466782B042DD300A4E64C /* AgendaViewController.swift */; };
		7274667C2B042DD300A4E64C /* Main.storyboard in Resources */ = {isa = PBXBuildFile; fileRef = 7274667A2B042DD300A4E64C /* Main.storyboard */; };
		7274667E2B042DD500A4E64C /* Assets.xcassets in Resources */ = {isa = PBXBuildFile; fileRef = 7274667D2B042DD500A4E64C /* Assets.xcassets */; };
		727466812B042DD500A4E64C /* LaunchScreen.storyboard in Resources */ = {isa = PBXBuildFile; fileRef = 7274667F2B042DD500A4E64C /* LaunchScreen.storyboard */; };
		7274668C2B042DD600A4E64C /* ClassCompassTests.swift in Sources */ = {isa = PBXBuildFile; fileRef = 7274668B2B042DD600A4E64C /* ClassCompassTests.swift */; };
		727466962B042DD600A4E64C /* ClassCompassUITests.swift in Sources */ = {isa = PBXBuildFile; fileRef = 727466952B042DD600A4E64C /* ClassCompassUITests.swift */; };
		727466982B042DD600A4E64C /* ClassCompassUITestsLaunchTests.swift in Sources */ = {isa = PBXBuildFile; fileRef = 727466972B042DD600A4E64C /* ClassCompassUITestsLaunchTests.swift */; };
		727466A62B04329100A4E64C /* Alamofire in Frameworks */ = {isa = PBXBuildFile; productRef = 727466A52B04329100A4E64C /* Alamofire */; };
		727466A92B051C2D00A4E64C /* SwiftyJSON in Frameworks */ = {isa = PBXBuildFile; productRef = 727466A82B051C2D00A4E64C /* SwiftyJSON */; };
		727467692B0D664E00A4E64C /* Course.swift in Sources */ = {isa = PBXBuildFile; fileRef = 727467682B0D664E00A4E64C /* Course.swift */; };
		7274676B2B0D668700A4E64C /* Assignment.swift in Sources */ = {isa = PBXBuildFile; fileRef = 7274676A2B0D668700A4E64C /* Assignment.swift */; };
		7274676D2B0D66D400A4E64C /* CanvasAPIClient.swift in Sources */ = {isa = PBXBuildFile; fileRef = 7274676C2B0D66D400A4E64C /* CanvasAPIClient.swift */; };
		72DB68D42B16926E00640691 /* ccDB.swift in Sources */ = {isa = PBXBuildFile; fileRef = 72DB68D32B16926E00640691 /* ccDB.swift */; };
		72DB68D82B19852400640691 /* SettingsViewController.swift in Sources */ = {isa = PBXBuildFile; fileRef = 72DB68D72B19852400640691 /* SettingsViewController.swift */; };
		72DB68DD2B1992FF00640691 /* settingsTableViewCell.swift in Sources */ = {isa = PBXBuildFile; fileRef = 72DB68DB2B1992FF00640691 /* settingsTableViewCell.swift */; };
		72DB68DE2B1992FF00640691 /* settingsTableViewCell.xib in Resources */ = {isa = PBXBuildFile; fileRef = 72DB68DC2B1992FF00640691 /* settingsTableViewCell.xib */; };
		72DBA1912B1426750096E054 /* AddViewController.swift in Sources */ = {isa = PBXBuildFile; fileRef = 72DBA1902B1426750096E054 /* AddViewController.swift */; };
/* End PBXBuildFile section */

/* Begin PBXContainerItemProxy section */
		727466882B042DD600A4E64C /* PBXContainerItemProxy */ = {
			isa = PBXContainerItemProxy;
			containerPortal = 727466692B042DD300A4E64C /* Project object */;
			proxyType = 1;
			remoteGlobalIDString = 727466702B042DD300A4E64C;
			remoteInfo = ClassCompass;
		};
		727466922B042DD600A4E64C /* PBXContainerItemProxy */ = {
			isa = PBXContainerItemProxy;
			containerPortal = 727466692B042DD300A4E64C /* Project object */;
			proxyType = 1;
			remoteGlobalIDString = 727466702B042DD300A4E64C;
			remoteInfo = ClassCompass;
		};
/* End PBXContainerItemProxy section */

/* Begin PBXFileReference section */
		3B26F0272B26231500A4B435 /* ProgressBar.swift */ = {isa = PBXFileReference; lastKnownFileType = sourcecode.swift; path = ProgressBar.swift; sourceTree = "<group>"; };
		3BE513FE2B20E99A00FEA76D /* AssignmentsInProgress.swift */ = {isa = PBXFileReference; lastKnownFileType = sourcecode.swift; path = AssignmentsInProgress.swift; sourceTree = "<group>"; };
		72338CB42B140A540040D4D5 /* ProgressViewController.swift */ = {isa = PBXFileReference; lastKnownFileType = sourcecode.swift; path = ProgressViewController.swift; sourceTree = "<group>"; };
		727466712B042DD300A4E64C /* ClassCompass.app */ = {isa = PBXFileReference; explicitFileType = wrapper.application; includeInIndex = 0; path = ClassCompass.app; sourceTree = BUILT_PRODUCTS_DIR; };
		727466742B042DD300A4E64C /* AppDelegate.swift */ = {isa = PBXFileReference; lastKnownFileType = sourcecode.swift; path = AppDelegate.swift; sourceTree = "<group>"; };
		727466762B042DD300A4E64C /* SceneDelegate.swift */ = {isa = PBXFileReference; lastKnownFileType = sourcecode.swift; path = SceneDelegate.swift; sourceTree = "<group>"; };
		727466782B042DD300A4E64C /* AgendaViewController.swift */ = {isa = PBXFileReference; lastKnownFileType = sourcecode.swift; path = AgendaViewController.swift; sourceTree = "<group>"; };
		7274667B2B042DD300A4E64C /* Base */ = {isa = PBXFileReference; lastKnownFileType = file.storyboard; name = Base; path = Base.lproj/Main.storyboard; sourceTree = "<group>"; };
		7274667D2B042DD500A4E64C /* Assets.xcassets */ = {isa = PBXFileReference; lastKnownFileType = folder.assetcatalog; path = Assets.xcassets; sourceTree = "<group>"; };
		727466802B042DD500A4E64C /* Base */ = {isa = PBXFileReference; lastKnownFileType = file.storyboard; name = Base; path = Base.lproj/LaunchScreen.storyboard; sourceTree = "<group>"; };
		727466822B042DD500A4E64C /* Info.plist */ = {isa = PBXFileReference; lastKnownFileType = text.plist.xml; path = Info.plist; sourceTree = "<group>"; };
		727466872B042DD600A4E64C /* ClassCompassTests.xctest */ = {isa = PBXFileReference; explicitFileType = wrapper.cfbundle; includeInIndex = 0; path = ClassCompassTests.xctest; sourceTree = BUILT_PRODUCTS_DIR; };
		7274668B2B042DD600A4E64C /* ClassCompassTests.swift */ = {isa = PBXFileReference; lastKnownFileType = sourcecode.swift; path = ClassCompassTests.swift; sourceTree = "<group>"; };
		727466912B042DD600A4E64C /* ClassCompassUITests.xctest */ = {isa = PBXFileReference; explicitFileType = wrapper.cfbundle; includeInIndex = 0; path = ClassCompassUITests.xctest; sourceTree = BUILT_PRODUCTS_DIR; };
		727466952B042DD600A4E64C /* ClassCompassUITests.swift */ = {isa = PBXFileReference; lastKnownFileType = sourcecode.swift; path = ClassCompassUITests.swift; sourceTree = "<group>"; };
		727466972B042DD600A4E64C /* ClassCompassUITestsLaunchTests.swift */ = {isa = PBXFileReference; lastKnownFileType = sourcecode.swift; path = ClassCompassUITestsLaunchTests.swift; sourceTree = "<group>"; };
		727467682B0D664E00A4E64C /* Course.swift */ = {isa = PBXFileReference; lastKnownFileType = sourcecode.swift; path = Course.swift; sourceTree = "<group>"; };
		7274676A2B0D668700A4E64C /* Assignment.swift */ = {isa = PBXFileReference; lastKnownFileType = sourcecode.swift; path = Assignment.swift; sourceTree = "<group>"; };
		7274676C2B0D66D400A4E64C /* CanvasAPIClient.swift */ = {isa = PBXFileReference; lastKnownFileType = sourcecode.swift; path = CanvasAPIClient.swift; sourceTree = "<group>"; };
		72DB68D32B16926E00640691 /* ccDB.swift */ = {isa = PBXFileReference; fileEncoding = 4; lastKnownFileType = sourcecode.swift; path = ccDB.swift; sourceTree = "<group>"; };
		72DB68D72B19852400640691 /* SettingsViewController.swift */ = {isa = PBXFileReference; lastKnownFileType = sourcecode.swift; path = SettingsViewController.swift; sourceTree = "<group>"; };
		72DB68DB2B1992FF00640691 /* settingsTableViewCell.swift */ = {isa = PBXFileReference; lastKnownFileType = sourcecode.swift; path = settingsTableViewCell.swift; sourceTree = "<group>"; };
		72DB68DC2B1992FF00640691 /* settingsTableViewCell.xib */ = {isa = PBXFileReference; lastKnownFileType = file.xib; path = settingsTableViewCell.xib; sourceTree = "<group>"; };
		72DBA1902B1426750096E054 /* AddViewController.swift */ = {isa = PBXFileReference; lastKnownFileType = sourcecode.swift; path = AddViewController.swift; sourceTree = "<group>"; };
/* End PBXFileReference section */

/* Begin PBXFrameworksBuildPhase section */
		7274666E2B042DD300A4E64C /* Frameworks */ = {
			isa = PBXFrameworksBuildPhase;
			buildActionMask = 2147483647;
			files = (
				727466A92B051C2D00A4E64C /* SwiftyJSON in Frameworks */,
				727466A62B04329100A4E64C /* Alamofire in Frameworks */,
			);
			runOnlyForDeploymentPostprocessing = 0;
		};
		727466842B042DD600A4E64C /* Frameworks */ = {
			isa = PBXFrameworksBuildPhase;
			buildActionMask = 2147483647;
			files = (
			);
			runOnlyForDeploymentPostprocessing = 0;
		};
		7274668E2B042DD600A4E64C /* Frameworks */ = {
			isa = PBXFrameworksBuildPhase;
			buildActionMask = 2147483647;
			files = (
			);
			runOnlyForDeploymentPostprocessing = 0;
		};
/* End PBXFrameworksBuildPhase section */

/* Begin PBXGroup section */
		727466682B042DD300A4E64C = {
			isa = PBXGroup;
			children = (
				727466732B042DD300A4E64C /* ClassCompass */,
				7274668A2B042DD600A4E64C /* ClassCompassTests */,
				727466942B042DD600A4E64C /* ClassCompassUITests */,
				727466722B042DD300A4E64C /* Products */,
			);
			sourceTree = "<group>";
		};
		727466722B042DD300A4E64C /* Products */ = {
			isa = PBXGroup;
			children = (
				727466712B042DD300A4E64C /* ClassCompass.app */,
				727466872B042DD600A4E64C /* ClassCompassTests.xctest */,
				727466912B042DD600A4E64C /* ClassCompassUITests.xctest */,
			);
			name = Products;
			sourceTree = "<group>";
		};
		727466732B042DD300A4E64C /* ClassCompass */ = {
			isa = PBXGroup;
			children = (
				72DB68D92B19929500640691 /* ViewControllers */,
				7274676A2B0D668700A4E64C /* Assignment.swift */,
				3B26F0272B26231500A4B435 /* ProgressBar.swift */,
				727467682B0D664E00A4E64C /* Course.swift */,
				727466742B042DD300A4E64C /* AppDelegate.swift */,
				727466762B042DD300A4E64C /* SceneDelegate.swift */,
				7274676C2B0D66D400A4E64C /* CanvasAPIClient.swift */,
				72DB68D32B16926E00640691 /* ccDB.swift */,
				7274667A2B042DD300A4E64C /* Main.storyboard */,
				7274667D2B042DD500A4E64C /* Assets.xcassets */,
				7274667F2B042DD500A4E64C /* LaunchScreen.storyboard */,
				727466822B042DD500A4E64C /* Info.plist */,
			);
			path = ClassCompass;
			sourceTree = "<group>";
		};
		7274668A2B042DD600A4E64C /* ClassCompassTests */ = {
			isa = PBXGroup;
			children = (
				7274668B2B042DD600A4E64C /* ClassCompassTests.swift */,
			);
			path = ClassCompassTests;
			sourceTree = "<group>";
		};
		727466942B042DD600A4E64C /* ClassCompassUITests */ = {
			isa = PBXGroup;
			children = (
				727466952B042DD600A4E64C /* ClassCompassUITests.swift */,
				727466972B042DD600A4E64C /* ClassCompassUITestsLaunchTests.swift */,
			);
			path = ClassCompassUITests;
			sourceTree = "<group>";
		};
		72DB68D92B19929500640691 /* ViewControllers */ = {
			isa = PBXGroup;
			children = (
				72DB68DA2B1992B700640691 /* tableViews */,
				727466782B042DD300A4E64C /* AgendaViewController.swift */,
				72338CB42B140A540040D4D5 /* ProgressViewController.swift */,
				72DBA1902B1426750096E054 /* AddViewController.swift */,
				72DB68D72B19852400640691 /* SettingsViewController.swift */,
				3BE513FE2B20E99A00FEA76D /* AssignmentsInProgress.swift */,
			);
			path = ViewControllers;
			sourceTree = "<group>";
		};
		72DB68DA2B1992B700640691 /* tableViews */ = {
			isa = PBXGroup;
			children = (
				72DB68DB2B1992FF00640691 /* settingsTableViewCell.swift */,
				72DB68DC2B1992FF00640691 /* settingsTableViewCell.xib */,
			);
			path = tableViews;
			sourceTree = "<group>";
		};
/* End PBXGroup section */

/* Begin PBXNativeTarget section */
		727466702B042DD300A4E64C /* ClassCompass */ = {
			isa = PBXNativeTarget;
			buildConfigurationList = 7274669B2B042DD600A4E64C /* Build configuration list for PBXNativeTarget "ClassCompass" */;
			buildPhases = (
				7274666D2B042DD300A4E64C /* Sources */,
				7274666E2B042DD300A4E64C /* Frameworks */,
				7274666F2B042DD300A4E64C /* Resources */,
			);
			buildRules = (
			);
			dependencies = (
			);
			name = ClassCompass;
			packageProductDependencies = (
				727466A52B04329100A4E64C /* Alamofire */,
				727466A82B051C2D00A4E64C /* SwiftyJSON */,
			);
			productName = ClassCompass;
			productReference = 727466712B042DD300A4E64C /* ClassCompass.app */;
			productType = "com.apple.product-type.application";
		};
		727466862B042DD600A4E64C /* ClassCompassTests */ = {
			isa = PBXNativeTarget;
			buildConfigurationList = 7274669E2B042DD600A4E64C /* Build configuration list for PBXNativeTarget "ClassCompassTests" */;
			buildPhases = (
				727466832B042DD600A4E64C /* Sources */,
				727466842B042DD600A4E64C /* Frameworks */,
				727466852B042DD600A4E64C /* Resources */,
			);
			buildRules = (
			);
			dependencies = (
				727466892B042DD600A4E64C /* PBXTargetDependency */,
			);
			name = ClassCompassTests;
			productName = ClassCompassTests;
			productReference = 727466872B042DD600A4E64C /* ClassCompassTests.xctest */;
			productType = "com.apple.product-type.bundle.unit-test";
		};
		727466902B042DD600A4E64C /* ClassCompassUITests */ = {
			isa = PBXNativeTarget;
			buildConfigurationList = 727466A12B042DD600A4E64C /* Build configuration list for PBXNativeTarget "ClassCompassUITests" */;
			buildPhases = (
				7274668D2B042DD600A4E64C /* Sources */,
				7274668E2B042DD600A4E64C /* Frameworks */,
				7274668F2B042DD600A4E64C /* Resources */,
			);
			buildRules = (
			);
			dependencies = (
				727466932B042DD600A4E64C /* PBXTargetDependency */,
			);
			name = ClassCompassUITests;
			productName = ClassCompassUITests;
			productReference = 727466912B042DD600A4E64C /* ClassCompassUITests.xctest */;
			productType = "com.apple.product-type.bundle.ui-testing";
		};
/* End PBXNativeTarget section */

/* Begin PBXProject section */
		727466692B042DD300A4E64C /* Project object */ = {
			isa = PBXProject;
			attributes = {
				BuildIndependentTargetsInParallel = 1;
				LastSwiftUpdateCheck = 1500;
				LastUpgradeCheck = 1500;
				TargetAttributes = {
					727466702B042DD300A4E64C = {
						CreatedOnToolsVersion = 15.0.1;
					};
					727466862B042DD600A4E64C = {
						CreatedOnToolsVersion = 15.0.1;
						TestTargetID = 727466702B042DD300A4E64C;
					};
					727466902B042DD600A4E64C = {
						CreatedOnToolsVersion = 15.0.1;
						TestTargetID = 727466702B042DD300A4E64C;
					};
				};
			};
			buildConfigurationList = 7274666C2B042DD300A4E64C /* Build configuration list for PBXProject "ClassCompass" */;
			compatibilityVersion = "Xcode 14.0";
			developmentRegion = en;
			hasScannedForEncodings = 0;
			knownRegions = (
				en,
				Base,
			);
			mainGroup = 727466682B042DD300A4E64C;
			packageReferences = (
				727466A42B04329100A4E64C /* XCRemoteSwiftPackageReference "Alamofire" */,
				727466A72B051C2C00A4E64C /* XCRemoteSwiftPackageReference "SwiftyJSON" */,
			);
			productRefGroup = 727466722B042DD300A4E64C /* Products */;
			projectDirPath = "";
			projectRoot = "";
			targets = (
				727466702B042DD300A4E64C /* ClassCompass */,
				727466862B042DD600A4E64C /* ClassCompassTests */,
				727466902B042DD600A4E64C /* ClassCompassUITests */,
			);
		};
/* End PBXProject section */

/* Begin PBXResourcesBuildPhase section */
		7274666F2B042DD300A4E64C /* Resources */ = {
			isa = PBXResourcesBuildPhase;
			buildActionMask = 2147483647;
			files = (
				727466812B042DD500A4E64C /* LaunchScreen.storyboard in Resources */,
				7274667E2B042DD500A4E64C /* Assets.xcassets in Resources */,
				7274667C2B042DD300A4E64C /* Main.storyboard in Resources */,
				72DB68DE2B1992FF00640691 /* settingsTableViewCell.xib in Resources */,
			);
			runOnlyForDeploymentPostprocessing = 0;
		};
		727466852B042DD600A4E64C /* Resources */ = {
			isa = PBXResourcesBuildPhase;
			buildActionMask = 2147483647;
			files = (
			);
			runOnlyForDeploymentPostprocessing = 0;
		};
		7274668F2B042DD600A4E64C /* Resources */ = {
			isa = PBXResourcesBuildPhase;
			buildActionMask = 2147483647;
			files = (
			);
			runOnlyForDeploymentPostprocessing = 0;
		};
/* End PBXResourcesBuildPhase section */

/* Begin PBXSourcesBuildPhase section */
		7274666D2B042DD300A4E64C /* Sources */ = {
			isa = PBXSourcesBuildPhase;
			buildActionMask = 2147483647;
			files = (
				3BE513FF2B20E99A00FEA76D /* AssignmentsInProgress.swift in Sources */,
				72DB68D42B16926E00640691 /* ccDB.swift in Sources */,
				727467692B0D664E00A4E64C /* Course.swift in Sources */,
				72DB68D82B19852400640691 /* SettingsViewController.swift in Sources */,
				727466792B042DD300A4E64C /* AgendaViewController.swift in Sources */,
				72DBA1912B1426750096E054 /* AddViewController.swift in Sources */,
				727466752B042DD300A4E64C /* AppDelegate.swift in Sources */,
				72DB68DD2B1992FF00640691 /* settingsTableViewCell.swift in Sources */,
				72338CB52B140A540040D4D5 /* ProgressViewController.swift in Sources */,
				7274676D2B0D66D400A4E64C /* CanvasAPIClient.swift in Sources */,
				3B26F0282B26231500A4B435 /* ProgressBar.swift in Sources */,
				7274676B2B0D668700A4E64C /* Assignment.swift in Sources */,
				727466772B042DD300A4E64C /* SceneDelegate.swift in Sources */,
			);
			runOnlyForDeploymentPostprocessing = 0;
		};
		727466832B042DD600A4E64C /* Sources */ = {
			isa = PBXSourcesBuildPhase;
			buildActionMask = 2147483647;
			files = (
				7274668C2B042DD600A4E64C /* ClassCompassTests.swift in Sources */,
			);
			runOnlyForDeploymentPostprocessing = 0;
		};
		7274668D2B042DD600A4E64C /* Sources */ = {
			isa = PBXSourcesBuildPhase;
			buildActionMask = 2147483647;
			files = (
				727466982B042DD600A4E64C /* ClassCompassUITestsLaunchTests.swift in Sources */,
				727466962B042DD600A4E64C /* ClassCompassUITests.swift in Sources */,
			);
			runOnlyForDeploymentPostprocessing = 0;
		};
/* End PBXSourcesBuildPhase section */

/* Begin PBXTargetDependency section */
		727466892B042DD600A4E64C /* PBXTargetDependency */ = {
			isa = PBXTargetDependency;
			target = 727466702B042DD300A4E64C /* ClassCompass */;
			targetProxy = 727466882B042DD600A4E64C /* PBXContainerItemProxy */;
		};
		727466932B042DD600A4E64C /* PBXTargetDependency */ = {
			isa = PBXTargetDependency;
			target = 727466702B042DD300A4E64C /* ClassCompass */;
			targetProxy = 727466922B042DD600A4E64C /* PBXContainerItemProxy */;
		};
/* End PBXTargetDependency section */

/* Begin PBXVariantGroup section */
		7274667A2B042DD300A4E64C /* Main.storyboard */ = {
			isa = PBXVariantGroup;
			children = (
				7274667B2B042DD300A4E64C /* Base */,
			);
			name = Main.storyboard;
			sourceTree = "<group>";
		};
		7274667F2B042DD500A4E64C /* LaunchScreen.storyboard */ = {
			isa = PBXVariantGroup;
			children = (
				727466802B042DD500A4E64C /* Base */,
			);
			name = LaunchScreen.storyboard;
			sourceTree = "<group>";
		};
/* End PBXVariantGroup section */

/* Begin XCBuildConfiguration section */
		727466992B042DD600A4E64C /* Debug */ = {
			isa = XCBuildConfiguration;
			buildSettings = {
				ALWAYS_SEARCH_USER_PATHS = NO;
				ASSETCATALOG_COMPILER_GENERATE_SWIFT_ASSET_SYMBOL_EXTENSIONS = YES;
				CLANG_ANALYZER_NONNULL = YES;
				CLANG_ANALYZER_NUMBER_OBJECT_CONVERSION = YES_AGGRESSIVE;
				CLANG_CXX_LANGUAGE_STANDARD = "gnu++20";
				CLANG_ENABLE_MODULES = YES;
				CLANG_ENABLE_OBJC_ARC = YES;
				CLANG_ENABLE_OBJC_WEAK = YES;
				CLANG_WARN_BLOCK_CAPTURE_AUTORELEASING = YES;
				CLANG_WARN_BOOL_CONVERSION = YES;
				CLANG_WARN_COMMA = YES;
				CLANG_WARN_CONSTANT_CONVERSION = YES;
				CLANG_WARN_DEPRECATED_OBJC_IMPLEMENTATIONS = YES;
				CLANG_WARN_DIRECT_OBJC_ISA_USAGE = YES_ERROR;
				CLANG_WARN_DOCUMENTATION_COMMENTS = YES;
				CLANG_WARN_EMPTY_BODY = YES;
				CLANG_WARN_ENUM_CONVERSION = YES;
				CLANG_WARN_INFINITE_RECURSION = YES;
				CLANG_WARN_INT_CONVERSION = YES;
				CLANG_WARN_NON_LITERAL_NULL_CONVERSION = YES;
				CLANG_WARN_OBJC_IMPLICIT_RETAIN_SELF = YES;
				CLANG_WARN_OBJC_LITERAL_CONVERSION = YES;
				CLANG_WARN_OBJC_ROOT_CLASS = YES_ERROR;
				CLANG_WARN_QUOTED_INCLUDE_IN_FRAMEWORK_HEADER = YES;
				CLANG_WARN_RANGE_LOOP_ANALYSIS = YES;
				CLANG_WARN_STRICT_PROTOTYPES = YES;
				CLANG_WARN_SUSPICIOUS_MOVE = YES;
				CLANG_WARN_UNGUARDED_AVAILABILITY = YES_AGGRESSIVE;
				CLANG_WARN_UNREACHABLE_CODE = YES;
				CLANG_WARN__DUPLICATE_METHOD_MATCH = YES;
				COPY_PHASE_STRIP = NO;
				DEBUG_INFORMATION_FORMAT = dwarf;
				ENABLE_STRICT_OBJC_MSGSEND = YES;
				ENABLE_TESTABILITY = YES;
				ENABLE_USER_SCRIPT_SANDBOXING = YES;
				GCC_C_LANGUAGE_STANDARD = gnu17;
				GCC_DYNAMIC_NO_PIC = NO;
				GCC_NO_COMMON_BLOCKS = YES;
				GCC_OPTIMIZATION_LEVEL = 0;
				GCC_PREPROCESSOR_DEFINITIONS = (
					"DEBUG=1",
					"$(inherited)",
				);
				GCC_WARN_64_TO_32_BIT_CONVERSION = YES;
				GCC_WARN_ABOUT_RETURN_TYPE = YES_ERROR;
				GCC_WARN_UNDECLARED_SELECTOR = YES;
				GCC_WARN_UNINITIALIZED_AUTOS = YES_AGGRESSIVE;
				GCC_WARN_UNUSED_FUNCTION = YES;
				GCC_WARN_UNUSED_VARIABLE = YES;
				IPHONEOS_DEPLOYMENT_TARGET = 17.0;
				LOCALIZATION_PREFERS_STRING_CATALOGS = YES;
				MTL_ENABLE_DEBUG_INFO = INCLUDE_SOURCE;
				MTL_FAST_MATH = YES;
				ONLY_ACTIVE_ARCH = YES;
				SDKROOT = iphoneos;
				SWIFT_ACTIVE_COMPILATION_CONDITIONS = "DEBUG $(inherited)";
				SWIFT_OPTIMIZATION_LEVEL = "-Onone";
			};
			name = Debug;
		};
		7274669A2B042DD600A4E64C /* Release */ = {
			isa = XCBuildConfiguration;
			buildSettings = {
				ALWAYS_SEARCH_USER_PATHS = NO;
				ASSETCATALOG_COMPILER_GENERATE_SWIFT_ASSET_SYMBOL_EXTENSIONS = YES;
				CLANG_ANALYZER_NONNULL = YES;
				CLANG_ANALYZER_NUMBER_OBJECT_CONVERSION = YES_AGGRESSIVE;
				CLANG_CXX_LANGUAGE_STANDARD = "gnu++20";
				CLANG_ENABLE_MODULES = YES;
				CLANG_ENABLE_OBJC_ARC = YES;
				CLANG_ENABLE_OBJC_WEAK = YES;
				CLANG_WARN_BLOCK_CAPTURE_AUTORELEASING = YES;
				CLANG_WARN_BOOL_CONVERSION = YES;
				CLANG_WARN_COMMA = YES;
				CLANG_WARN_CONSTANT_CONVERSION = YES;
				CLANG_WARN_DEPRECATED_OBJC_IMPLEMENTATIONS = YES;
				CLANG_WARN_DIRECT_OBJC_ISA_USAGE = YES_ERROR;
				CLANG_WARN_DOCUMENTATION_COMMENTS = YES;
				CLANG_WARN_EMPTY_BODY = YES;
				CLANG_WARN_ENUM_CONVERSION = YES;
				CLANG_WARN_INFINITE_RECURSION = YES;
				CLANG_WARN_INT_CONVERSION = YES;
				CLANG_WARN_NON_LITERAL_NULL_CONVERSION = YES;
				CLANG_WARN_OBJC_IMPLICIT_RETAIN_SELF = YES;
				CLANG_WARN_OBJC_LITERAL_CONVERSION = YES;
				CLANG_WARN_OBJC_ROOT_CLASS = YES_ERROR;
				CLANG_WARN_QUOTED_INCLUDE_IN_FRAMEWORK_HEADER = YES;
				CLANG_WARN_RANGE_LOOP_ANALYSIS = YES;
				CLANG_WARN_STRICT_PROTOTYPES = YES;
				CLANG_WARN_SUSPICIOUS_MOVE = YES;
				CLANG_WARN_UNGUARDED_AVAILABILITY = YES_AGGRESSIVE;
				CLANG_WARN_UNREACHABLE_CODE = YES;
				CLANG_WARN__DUPLICATE_METHOD_MATCH = YES;
				COPY_PHASE_STRIP = NO;
				DEBUG_INFORMATION_FORMAT = "dwarf-with-dsym";
				ENABLE_NS_ASSERTIONS = NO;
				ENABLE_STRICT_OBJC_MSGSEND = YES;
				ENABLE_USER_SCRIPT_SANDBOXING = YES;
				GCC_C_LANGUAGE_STANDARD = gnu17;
				GCC_NO_COMMON_BLOCKS = YES;
				GCC_WARN_64_TO_32_BIT_CONVERSION = YES;
				GCC_WARN_ABOUT_RETURN_TYPE = YES_ERROR;
				GCC_WARN_UNDECLARED_SELECTOR = YES;
				GCC_WARN_UNINITIALIZED_AUTOS = YES_AGGRESSIVE;
				GCC_WARN_UNUSED_FUNCTION = YES;
				GCC_WARN_UNUSED_VARIABLE = YES;
				IPHONEOS_DEPLOYMENT_TARGET = 17.0;
				LOCALIZATION_PREFERS_STRING_CATALOGS = YES;
				MTL_ENABLE_DEBUG_INFO = NO;
				MTL_FAST_MATH = YES;
				SDKROOT = iphoneos;
				SWIFT_COMPILATION_MODE = wholemodule;
				VALIDATE_PRODUCT = YES;
			};
			name = Release;
		};
		7274669C2B042DD600A4E64C /* Debug */ = {
			isa = XCBuildConfiguration;
			buildSettings = {
				ASSETCATALOG_COMPILER_APPICON_NAME = AppIcon;
				ASSETCATALOG_COMPILER_GLOBAL_ACCENT_COLOR_NAME = AccentColor;
				CODE_SIGN_STYLE = Automatic;
				CURRENT_PROJECT_VERSION = 1;
				GENERATE_INFOPLIST_FILE = YES;
				INFOPLIST_FILE = ClassCompass/Info.plist;
				INFOPLIST_KEY_UIApplicationSupportsIndirectInputEvents = YES;
				INFOPLIST_KEY_UILaunchStoryboardName = LaunchScreen;
				INFOPLIST_KEY_UIMainStoryboardFile = Main;
				INFOPLIST_KEY_UISupportedInterfaceOrientations_iPad = "UIInterfaceOrientationPortrait UIInterfaceOrientationPortraitUpsideDown UIInterfaceOrientationLandscapeLeft UIInterfaceOrientationLandscapeRight";
				INFOPLIST_KEY_UISupportedInterfaceOrientations_iPhone = "UIInterfaceOrientationPortrait UIInterfaceOrientationLandscapeLeft UIInterfaceOrientationLandscapeRight";
				LD_RUNPATH_SEARCH_PATHS = (
					"$(inherited)",
					"@executable_path/Frameworks",
				);
				MARKETING_VERSION = 1.0;
				PRODUCT_BUNDLE_IDENTIFIER = com.crstt.ClassCompass;
				PRODUCT_NAME = "$(TARGET_NAME)";
				SWIFT_EMIT_LOC_STRINGS = YES;
				SWIFT_VERSION = 5.0;
				TARGETED_DEVICE_FAMILY = "1,2";
			};
			name = Debug;
		};
		7274669D2B042DD600A4E64C /* Release */ = {
			isa = XCBuildConfiguration;
			buildSettings = {
				ASSETCATALOG_COMPILER_APPICON_NAME = AppIcon;
				ASSETCATALOG_COMPILER_GLOBAL_ACCENT_COLOR_NAME = AccentColor;
				CODE_SIGN_STYLE = Automatic;
				CURRENT_PROJECT_VERSION = 1;
				GENERATE_INFOPLIST_FILE = YES;
				INFOPLIST_FILE = ClassCompass/Info.plist;
				INFOPLIST_KEY_UIApplicationSupportsIndirectInputEvents = YES;
				INFOPLIST_KEY_UILaunchStoryboardName = LaunchScreen;
				INFOPLIST_KEY_UIMainStoryboardFile = Main;
				INFOPLIST_KEY_UISupportedInterfaceOrientations_iPad = "UIInterfaceOrientationPortrait UIInterfaceOrientationPortraitUpsideDown UIInterfaceOrientationLandscapeLeft UIInterfaceOrientationLandscapeRight";
				INFOPLIST_KEY_UISupportedInterfaceOrientations_iPhone = "UIInterfaceOrientationPortrait UIInterfaceOrientationLandscapeLeft UIInterfaceOrientationLandscapeRight";
				LD_RUNPATH_SEARCH_PATHS = (
					"$(inherited)",
					"@executable_path/Frameworks",
				);
				MARKETING_VERSION = 1.0;
				PRODUCT_BUNDLE_IDENTIFIER = com.crstt.ClassCompass;
				PRODUCT_NAME = "$(TARGET_NAME)";
				SWIFT_EMIT_LOC_STRINGS = YES;
				SWIFT_VERSION = 5.0;
				TARGETED_DEVICE_FAMILY = "1,2";
			};
			name = Release;
		};
		7274669F2B042DD600A4E64C /* Debug */ = {
			isa = XCBuildConfiguration;
			buildSettings = {
				ALWAYS_EMBED_SWIFT_STANDARD_LIBRARIES = YES;
				BUNDLE_LOADER = "$(TEST_HOST)";
				CODE_SIGN_STYLE = Automatic;
				CURRENT_PROJECT_VERSION = 1;
				GENERATE_INFOPLIST_FILE = YES;
				IPHONEOS_DEPLOYMENT_TARGET = 17.0;
				MARKETING_VERSION = 1.0;
				PRODUCT_BUNDLE_IDENTIFIER = com.crstt.ClassCompassTests;
				PRODUCT_NAME = "$(TARGET_NAME)";
				SWIFT_EMIT_LOC_STRINGS = NO;
				SWIFT_VERSION = 5.0;
				TARGETED_DEVICE_FAMILY = "1,2";
				TEST_HOST = "$(BUILT_PRODUCTS_DIR)/ClassCompass.app/$(BUNDLE_EXECUTABLE_FOLDER_PATH)/ClassCompass";
			};
			name = Debug;
		};
		727466A02B042DD600A4E64C /* Release */ = {
			isa = XCBuildConfiguration;
			buildSettings = {
				ALWAYS_EMBED_SWIFT_STANDARD_LIBRARIES = YES;
				BUNDLE_LOADER = "$(TEST_HOST)";
				CODE_SIGN_STYLE = Automatic;
				CURRENT_PROJECT_VERSION = 1;
				GENERATE_INFOPLIST_FILE = YES;
				IPHONEOS_DEPLOYMENT_TARGET = 17.0;
				MARKETING_VERSION = 1.0;
				PRODUCT_BUNDLE_IDENTIFIER = com.crstt.ClassCompassTests;
				PRODUCT_NAME = "$(TARGET_NAME)";
				SWIFT_EMIT_LOC_STRINGS = NO;
				SWIFT_VERSION = 5.0;
				TARGETED_DEVICE_FAMILY = "1,2";
				TEST_HOST = "$(BUILT_PRODUCTS_DIR)/ClassCompass.app/$(BUNDLE_EXECUTABLE_FOLDER_PATH)/ClassCompass";
			};
			name = Release;
		};
		727466A22B042DD600A4E64C /* Debug */ = {
			isa = XCBuildConfiguration;
			buildSettings = {
				ALWAYS_EMBED_SWIFT_STANDARD_LIBRARIES = YES;
				CODE_SIGN_STYLE = Automatic;
				CURRENT_PROJECT_VERSION = 1;
				GENERATE_INFOPLIST_FILE = YES;
				MARKETING_VERSION = 1.0;
				PRODUCT_BUNDLE_IDENTIFIER = com.crstt.ClassCompassUITests;
				PRODUCT_NAME = "$(TARGET_NAME)";
				SWIFT_EMIT_LOC_STRINGS = NO;
				SWIFT_VERSION = 5.0;
				TARGETED_DEVICE_FAMILY = "1,2";
				TEST_TARGET_NAME = ClassCompass;
			};
			name = Debug;
		};
		727466A32B042DD600A4E64C /* Release */ = {
			isa = XCBuildConfiguration;
			buildSettings = {
				ALWAYS_EMBED_SWIFT_STANDARD_LIBRARIES = YES;
				CODE_SIGN_STYLE = Automatic;
				CURRENT_PROJECT_VERSION = 1;
				GENERATE_INFOPLIST_FILE = YES;
				MARKETING_VERSION = 1.0;
				PRODUCT_BUNDLE_IDENTIFIER = com.crstt.ClassCompassUITests;
				PRODUCT_NAME = "$(TARGET_NAME)";
				SWIFT_EMIT_LOC_STRINGS = NO;
				SWIFT_VERSION = 5.0;
				TARGETED_DEVICE_FAMILY = "1,2";
				TEST_TARGET_NAME = ClassCompass;
			};
			name = Release;
		};
/* End XCBuildConfiguration section */

/* Begin XCConfigurationList section */
		7274666C2B042DD300A4E64C /* Build configuration list for PBXProject "ClassCompass" */ = {
			isa = XCConfigurationList;
			buildConfigurations = (
				727466992B042DD600A4E64C /* Debug */,
				7274669A2B042DD600A4E64C /* Release */,
			);
			defaultConfigurationIsVisible = 0;
			defaultConfigurationName = Release;
		};
		7274669B2B042DD600A4E64C /* Build configuration list for PBXNativeTarget "ClassCompass" */ = {
			isa = XCConfigurationList;
			buildConfigurations = (
				7274669C2B042DD600A4E64C /* Debug */,
				7274669D2B042DD600A4E64C /* Release */,
			);
			defaultConfigurationIsVisible = 0;
			defaultConfigurationName = Release;
		};
		7274669E2B042DD600A4E64C /* Build configuration list for PBXNativeTarget "ClassCompassTests" */ = {
			isa = XCConfigurationList;
			buildConfigurations = (
				7274669F2B042DD600A4E64C /* Debug */,
				727466A02B042DD600A4E64C /* Release */,
			);
			defaultConfigurationIsVisible = 0;
			defaultConfigurationName = Release;
		};
		727466A12B042DD600A4E64C /* Build configuration list for PBXNativeTarget "ClassCompassUITests" */ = {
			isa = XCConfigurationList;
			buildConfigurations = (
				727466A22B042DD600A4E64C /* Debug */,
				727466A32B042DD600A4E64C /* Release */,
			);
			defaultConfigurationIsVisible = 0;
			defaultConfigurationName = Release;
		};
/* End XCConfigurationList section */

/* Begin XCRemoteSwiftPackageReference section */
		727466A42B04329100A4E64C /* XCRemoteSwiftPackageReference "Alamofire" */ = {
			isa = XCRemoteSwiftPackageReference;
			repositoryURL = "https://github.com/Alamofire/Alamofire";
			requirement = {
				kind = upToNextMajorVersion;
				minimumVersion = 5.8.1;
			};
		};
		727466A72B051C2C00A4E64C /* XCRemoteSwiftPackageReference "SwiftyJSON" */ = {
			isa = XCRemoteSwiftPackageReference;
			repositoryURL = "https://github.com/SwiftyJSON/SwiftyJSON";
			requirement = {
				kind = upToNextMajorVersion;
				minimumVersion = 5.0.1;
			};
		};
/* End XCRemoteSwiftPackageReference section */

/* Begin XCSwiftPackageProductDependency section */
		727466A52B04329100A4E64C /* Alamofire */ = {
			isa = XCSwiftPackageProductDependency;
			package = 727466A42B04329100A4E64C /* XCRemoteSwiftPackageReference "Alamofire" */;
			productName = Alamofire;
		};
		727466A82B051C2D00A4E64C /* SwiftyJSON */ = {
			isa = XCSwiftPackageProductDependency;
			package = 727466A72B051C2C00A4E64C /* XCRemoteSwiftPackageReference "SwiftyJSON" */;
			productName = SwiftyJSON;
		};
/* End XCSwiftPackageProductDependency section */
	};
	rootObject = 727466692B042DD300A4E64C /* Project object */;
}
